
Microsoft Visual Studio Solution File, Format Version 12.00
# Visual Studio Version 16
VisualStudioVersion = 16.0.30309.148
MinimumVisualStudioVersion = 10.0.40219.1
Project("{FAE04EC0-301F-11D3-BF4B-00C04F79EFBC}") = "UtlAdminPortal", "UtlAdminPortal\UtlAdminPortal.csproj", "{342C73AE-6B36-4B3E-9AA0-1F942CC37E1B}"
EndProject
Global
	GlobalSection(SolutionConfigurationPlatforms) = preSolution
		Debug|Any CPU = Debug|Any CPU
		Release|Any CPU = Release|Any CPU
	EndGlobalSection
	GlobalSection(ProjectConfigurationPlatforms) = postSolution
		{342C73AE-6B36-4B3E-9AA0-1F942CC37E1B}.Debug|Any CPU.ActiveCfg = Debug|Any CPU
		{342C73AE-6B36-4B3E-9AA0-1F942CC37E1B}.Debug|Any CPU.Build.0 = Debug|Any CPU
		{342C73AE-6B36-4B3E-9AA0-1F942CC37E1B}.Release|Any CPU.ActiveCfg = Release|Any CPU
		{342C73AE-6B36-4B3E-9AA0-1F942CC37E1B}.Release|Any CPU.Build.0 = Release|Any CPU
	EndGlobalSection
	GlobalSection(SolutionProperties) = preSolution
		HideSolutionNode = FALSE
	EndGlobalSection
	GlobalSection(ExtensibilityGlobals) = postSolution
		SolutionGuid = {66DB7AFC-3BBF-4050-9A27-2014163A3441}
	EndGlobalSection
EndGlobal
